github.com/tinywasm/fmt v0.18.9 h1:M8t54VnB6ZBbxph9AF3vbmda366MIlGKRw48SKAdCfA=
github.com/tinywasm/fmt v0.18.9/go.mod h1:L2GCAi6asgytPV6TVvGrRq5Ml+DkUt1Ijo5i/2J1jOY=
github.com/tinywasm/orm v0.2.3 h1:eLykQaXeVHi+q5IBTpCOOVrEZZGh+dpDLQSfzKOo/t4=
github.com/tinywasm/orm v0.2.3/go.mod h1:qFyB/t+maZPwXq65FysOoo4QrjDh68nCWy90lh0a5KM=
